
Microsoft Visual Studio Solution File, Format Version 12.00
# Visual Studio Version 16
VisualStudioVersion = 16.0.29613.14
MinimumVisualStudioVersion = 10.0.40219.1
Project("{9A19103F-16F7-4668-BE54-9A1E7A4F7556}") = "Lib.AspNetCore.Mvc.JqGrid.Infrastructure", "Lib.AspNetCore.Mvc.JqGrid.Infrastructure\Lib.AspNetCore.Mvc.JqGrid.Infrastructure.csproj", "{548A56AB-8AAB-4582-AEA7-DB6403B0FA1F}"
EndProject
Project("{9A19103F-16F7-4668-BE54-9A1E7A4F7556}") = "Lib.AspNetCore.Mvc.JqGrid.Core", "Lib.AspNetCore.Mvc.JqGrid.Core\Lib.AspNetCore.Mvc.JqGrid.Core.csproj", "{92A84769-D94E-4ADA-807A-0F11B0DCCB5C}"
EndProject
Project("{9A19103F-16F7-4668-BE54-9A1E7A4F7556}") = "Lib.AspNetCore.Mvc.JqGrid.DataAnnotations", "Lib.AspNetCore.Mvc.JqGrid.DataAnnotations\Lib.AspNetCore.Mvc.JqGrid.DataAnnotations.csproj", "{D46AF8D4-973D-457B-9E50-DEBCE69465FF}"
EndProject
Project("{9A19103F-16F7-4668-BE54-9A1E7A4F7556}") = "Lib.AspNetCore.Mvc.JqGrid.Helper", "Lib.AspNetCore.Mvc.JqGrid.Helper\Lib.AspNetCore.Mvc.JqGrid.Helper.csproj", "{7FF4996A-D13C-4BAB-B7B5-4ED9396A2957}"
EndProject
Project("{9A19103F-16F7-4668-BE54-9A1E7A4F7556}") = "DocFx.AspNetCore.Mvc.JqGrid", "DocFx.AspNetCore.Mvc.JqGrid\DocFx.AspNetCore.Mvc.JqGrid.csproj", "{CAA68343-A1C3-4DD0-BBA7-0BF69DDF9A52}"
EndProject
Project("{9A19103F-16F7-4668-BE54-9A1E7A4F7556}") = "Test.AspNetCore.Mvc.JqGrid.Helper", "Test.AspNetCore.Mvc.JqGrid.Helper\Test.AspNetCore.Mvc.JqGrid.Helper.csproj", "{13406EFF-690F-40FE-84E9-7DC9DE8602ED}"
EndProject
Project("{FAE04EC0-301F-11D3-BF4B-00C04F79EFBC}") = "Lib.AspNetCore.Mvc.JqGrid.NewtonsoftJson", "Lib.AspNetCore.Mvc.JqGrid.NewtonsoftJson\Lib.AspNetCore.Mvc.JqGrid.NewtonsoftJson.csproj", "{215B9AEC-5F57-4BB9-92BD-FEE8FC8CFB93}"
EndProject
Global
	GlobalSection(SolutionConfigurationPlatforms) = preSolution
		Debug|Any CPU = Debug|Any CPU
		Release|Any CPU = Release|Any CPU
	EndGlobalSection
	GlobalSection(ProjectConfigurationPlatforms) = postSolution
		{548A56AB-8AAB-4582-AEA7-DB6403B0FA1F}.Debug|Any CPU.ActiveCfg = Debug|Any CPU
		{548A56AB-8AAB-4582-AEA7-DB6403B0FA1F}.Debug|Any CPU.Build.0 = Debug|Any CPU
		{548A56AB-8AAB-4582-AEA7-DB6403B0FA1F}.Release|Any CPU.ActiveCfg = Release|Any CPU
		{548A56AB-8AAB-4582-AEA7-DB6403B0FA1F}.Release|Any CPU.Build.0 = Release|Any CPU
		{92A84769-D94E-4ADA-807A-0F11B0DCCB5C}.Debug|Any CPU.ActiveCfg = Debug|Any CPU
		{92A84769-D94E-4ADA-807A-0F11B0DCCB5C}.Debug|Any CPU.Build.0 = Debug|Any CPU
		{92A84769-D94E-4ADA-807A-0F11B0DCCB5C}.Release|Any CPU.ActiveCfg = Release|Any CPU
		{92A84769-D94E-4ADA-807A-0F11B0DCCB5C}.Release|Any CPU.Build.0 = Release|Any CPU
		{D46AF8D4-973D-457B-9E50-DEBCE69465FF}.Debug|Any CPU.ActiveCfg = Debug|Any CPU
		{D46AF8D4-973D-457B-9E50-DEBCE69465FF}.Debug|Any CPU.Build.0 = Debug|Any CPU
		{D46AF8D4-973D-457B-9E50-DEBCE69465FF}.Release|Any CPU.ActiveCfg = Release|Any CPU
		{D46AF8D4-973D-457B-9E50-DEBCE69465FF}.Release|Any CPU.Build.0 = Release|Any CPU
		{7FF4996A-D13C-4BAB-B7B5-4ED9396A2957}.Debug|Any CPU.ActiveCfg = Debug|Any CPU
		{7FF4996A-D13C-4BAB-B7B5-4ED9396A2957}.Debug|Any CPU.Build.0 = Debug|Any CPU
		{7FF4996A-D13C-4BAB-B7B5-4ED9396A2957}.Release|Any CPU.ActiveCfg = Release|Any CPU
		{7FF4996A-D13C-4BAB-B7B5-4ED9396A2957}.Release|Any CPU.Build.0 = Release|Any CPU
		{CAA68343-A1C3-4DD0-BBA7-0BF69DDF9A52}.Debug|Any CPU.ActiveCfg = Debug|Any CPU
		{CAA68343-A1C3-4DD0-BBA7-0BF69DDF9A52}.Debug|Any CPU.Build.0 = Debug|Any CPU
		{CAA68343-A1C3-4DD0-BBA7-0BF69DDF9A52}.Release|Any CPU.ActiveCfg = Release|Any CPU
		{CAA68343-A1C3-4DD0-BBA7-0BF69DDF9A52}.Release|Any CPU.Build.0 = Release|Any CPU
		{13406EFF-690F-40FE-84E9-7DC9DE8602ED}.Debug|Any CPU.ActiveCfg = Debug|Any CPU
		{13406EFF-690F-40FE-84E9-7DC9DE8602ED}.Debug|Any CPU.Build.0 = Debug|Any CPU
		{13406EFF-690F-40FE-84E9-7DC9DE8602ED}.Release|Any CPU.ActiveCfg = Release|Any CPU
		{13406EFF-690F-40FE-84E9-7DC9DE8602ED}.Release|Any CPU.Build.0 = Release|Any CPU
		{215B9AEC-5F57-4BB9-92BD-FEE8FC8CFB93}.Debug|Any CPU.ActiveCfg = Debug|Any CPU
		{215B9AEC-5F57-4BB9-92BD-FEE8FC8CFB93}.Debug|Any CPU.Build.0 = Debug|Any CPU
		{215B9AEC-5F57-4BB9-92BD-FEE8FC8CFB93}.Release|Any CPU.ActiveCfg = Release|Any CPU
		{215B9AEC-5F57-4BB9-92BD-FEE8FC8CFB93}.Release|Any CPU.Build.0 = Release|Any CPU
	EndGlobalSection
	GlobalSection(SolutionProperties) = preSolution
		HideSolutionNode = FALSE
	EndGlobalSection
	GlobalSection(ExtensibilityGlobals) = postSolution
		SolutionGuid = {7A78000F-C96C-4F99-B400-4C56EE6D8BB5}
	EndGlobalSection
EndGlobal
